{
  "name": "js",
  "version": "1.0.0",
  "lockfileVersion": 1,
  "requires": true,
  "dependencies": {
    "wavesurfer.js": {
      "version": "3.3.1",
      "resolved": "https://registry.npmjs.org/wavesurfer.js/-/wavesurfer.js-3.3.1.tgz",
      "integrity": "sha512-5w+Daa4EIoFcErXX4hZSkNdfdnCSTiaoTJMF5r7O7O6Kiv+oCrIlLwA73Ms9ULs+IZqOM9XhC33sfINgYdC4rw=="
    }
  }
}
